{
  "version": 4,
  "terraform_version": "0.12.24",
  "serial": 9,
  "lineage": "9e9c19b9-8ec0-740c-b210-23017896a9da",
  "outputs": {},
  "resources": [
    {
      "mode": "managed",
      "type": "aws_vpc",
      "name": "my_vpc",
      "provider": "provider.aws",
      "instances": [
        {
          "schema_version": 1,
          "attributes": {
            "arn": "arn:aws:ec2:ap-northeast-1:410606799197:vpc/vpc-0c6c9cc56edd71662",
            "assign_generated_ipv6_cidr_block": false,
            "cidr_block": "10.0.0.0/16",
            "default_network_acl_id": "acl-01f6451aef9868f37",
            "default_route_table_id": "rtb-0a341bac9228f47bb",
            "default_security_group_id": "sg-0d40e0c85978c929c",
            "dhcp_options_id": "dopt-37d9f350",
            "enable_classiclink": false,
            "enable_classiclink_dns_support": false,
            "enable_dns_hostnames": false,
            "enable_dns_support": true,
            "id": "vpc-0c6c9cc56edd71662",
            "instance_tenancy": "default",
            "ipv6_association_id": "",
            "ipv6_cidr_block": "",
            "main_route_table_id": "rtb-0a341bac9228f47bb",
            "owner_id": "410606799197",
            "tags": null
          },
          "private": "eyJzY2hlbWFfdmVyc2lvbiI6IjEifQ=="
        }
      ]
    }
  ]
}
